
Microsoft Visual Studio Solution File, Format Version 12.00
# Visual Studio 14
VisualStudioVersion = 14.0.24720.0
MinimumVisualStudioVersion = 10.0.40219.1
Project("{FAE04EC0-301F-11D3-BF4B-00C04F79EFBC}") = "StackLayout", "StackLayout\StackLayout.csproj", "{EFC5BBE5-4919-4345-827B-14DABDB061A4}"
EndProject
Project("{FAE04EC0-301F-11D3-BF4B-00C04F79EFBC}") = "GridLayout2", "GridLayout2\GridLayout2.csproj", "{B46D2906-F8B9-44CB-AAB9-331B2E9F702D}"
EndProject
Project("{FAE04EC0-301F-11D3-BF4B-00C04F79EFBC}") = "Resources", "Resources\Resources.csproj", "{FDC3073F-0654-41A9-AA3E-9423F611BE4D}"
EndProject
Project("{FAE04EC0-301F-11D3-BF4B-00C04F79EFBC}") = "UserControls", "UserControls\UserControls.csproj", "{BE90CAB4-A569-4747-9993-910617AEDA18}"
EndProject
Global
	GlobalSection(SolutionConfigurationPlatforms) = preSolution
		Debug|ARM = Debug|ARM
		Debug|x64 = Debug|x64
		Debug|x86 = Debug|x86
		Release|ARM = Release|ARM
		Release|x64 = Release|x64
		Release|x86 = Release|x86
	EndGlobalSection
	GlobalSection(ProjectConfigurationPlatforms) = postSolution
		{EFC5BBE5-4919-4345-827B-14DABDB061A4}.Debug|ARM.ActiveCfg = Debug|ARM
		{EFC5BBE5-4919-4345-827B-14DABDB061A4}.Debug|ARM.Build.0 = Debug|ARM
		{EFC5BBE5-4919-4345-827B-14DABDB061A4}.Debug|ARM.Deploy.0 = Debug|ARM
		{EFC5BBE5-4919-4345-827B-14DABDB061A4}.Debug|x64.ActiveCfg = Debug|x64
		{EFC5BBE5-4919-4345-827B-14DABDB061A4}.Debug|x64.Build.0 = Debug|x64
		{EFC5BBE5-4919-4345-827B-14DABDB061A4}.Debug|x64.Deploy.0 = Debug|x64
		{EFC5BBE5-4919-4345-827B-14DABDB061A4}.Debug|x86.ActiveCfg = Debug|x86
		{EFC5BBE5-4919-4345-827B-14DABDB061A4}.Debug|x86.Build.0 = Debug|x86
		{EFC5BBE5-4919-4345-827B-14DABDB061A4}.Debug|x86.Deploy.0 = Debug|x86
		{EFC5BBE5-4919-4345-827B-14DABDB061A4}.Release|ARM.ActiveCfg = Release|ARM
		{EFC5BBE5-4919-4345-827B-14DABDB061A4}.Release|ARM.Build.0 = Release|ARM
		{EFC5BBE5-4919-4345-827B-14DABDB061A4}.Release|ARM.Deploy.0 = Release|ARM
		{EFC5BBE5-4919-4345-827B-14DABDB061A4}.Release|x64.ActiveCfg = Release|x64
		{EFC5BBE5-4919-4345-827B-14DABDB061A4}.Release|x64.Build.0 = Release|x64
		{EFC5BBE5-4919-4345-827B-14DABDB061A4}.Release|x64.Deploy.0 = Release|x64
		{EFC5BBE5-4919-4345-827B-14DABDB061A4}.Release|x86.ActiveCfg = Release|x86
		{EFC5BBE5-4919-4345-827B-14DABDB061A4}.Release|x86.Build.0 = Release|x86
		{EFC5BBE5-4919-4345-827B-14DABDB061A4}.Release|x86.Deploy.0 = Release|x86
		{B46D2906-F8B9-44CB-AAB9-331B2E9F702D}.Debug|ARM.ActiveCfg = Debug|ARM
		{B46D2906-F8B9-44CB-AAB9-331B2E9F702D}.Debug|ARM.Build.0 = Debug|ARM
		{B46D2906-F8B9-44CB-AAB9-331B2E9F702D}.Debug|ARM.Deploy.0 = Debug|ARM
		{B46D2906-F8B9-44CB-AAB9-331B2E9F702D}.Debug|x64.ActiveCfg = Debug|x64
		{B46D2906-F8B9-44CB-AAB9-331B2E9F702D}.Debug|x64.Build.0 = Debug|x64
		{B46D2906-F8B9-44CB-AAB9-331B2E9F702D}.Debug|x64.Deploy.0 = Debug|x64
		{B46D2906-F8B9-44CB-AAB9-331B2E9F702D}.Debug|x86.ActiveCfg = Debug|x86
		{B46D2906-F8B9-44CB-AAB9-331B2E9F702D}.Debug|x86.Build.0 = Debug|x86
		{B46D2906-F8B9-44CB-AAB9-331B2E9F702D}.Debug|x86.Deploy.0 = Debug|x86
		{B46D2906-F8B9-44CB-AAB9-331B2E9F702D}.Release|ARM.ActiveCfg = Release|ARM
		{B46D2906-F8B9-44CB-AAB9-331B2E9F702D}.Release|ARM.Build.0 = Release|ARM
		{B46D2906-F8B9-44CB-AAB9-331B2E9F702D}.Release|ARM.Deploy.0 = Release|ARM
		{B46D2906-F8B9-44CB-AAB9-331B2E9F702D}.Release|x64.ActiveCfg = Release|x64
		{B46D2906-F8B9-44CB-AAB9-331B2E9F702D}.Release|x64.Build.0 = Release|x64
		{B46D2906-F8B9-44CB-AAB9-331B2E9F702D}.Release|x64.Deploy.0 = Release|x64
		{B46D2906-F8B9-44CB-AAB9-331B2E9F702D}.Release|x86.ActiveCfg = Release|x86
		{B46D2906-F8B9-44CB-AAB9-331B2E9F702D}.Release|x86.Build.0 = Release|x86
		{B46D2906-F8B9-44CB-AAB9-331B2E9F702D}.Release|x86.Deploy.0 = Release|x86
		{FDC3073F-0654-41A9-AA3E-9423F611BE4D}.Debug|ARM.ActiveCfg = Debug|ARM
		{FDC3073F-0654-41A9-AA3E-9423F611BE4D}.Debug|ARM.Build.0 = Debug|ARM
		{FDC3073F-0654-41A9-AA3E-9423F611BE4D}.Debug|ARM.Deploy.0 = Debug|ARM
		{FDC3073F-0654-41A9-AA3E-9423F611BE4D}.Debug|x64.ActiveCfg = Debug|x64
		{FDC3073F-0654-41A9-AA3E-9423F611BE4D}.Debug|x64.Build.0 = Debug|x64
		{FDC3073F-0654-41A9-AA3E-9423F611BE4D}.Debug|x64.Deploy.0 = Debug|x64
		{FDC3073F-0654-41A9-AA3E-9423F611BE4D}.Debug|x86.ActiveCfg = Debug|x86
		{FDC3073F-0654-41A9-AA3E-9423F611BE4D}.Debug|x86.Build.0 = Debug|x86
		{FDC3073F-0654-41A9-AA3E-9423F611BE4D}.Debug|x86.Deploy.0 = Debug|x86
		{FDC3073F-0654-41A9-AA3E-9423F611BE4D}.Release|ARM.ActiveCfg = Release|ARM
		{FDC3073F-0654-41A9-AA3E-9423F611BE4D}.Release|ARM.Build.0 = Release|ARM
		{FDC3073F-0654-41A9-AA3E-9423F611BE4D}.Release|ARM.Deploy.0 = Release|ARM
		{FDC3073F-0654-41A9-AA3E-9423F611BE4D}.Release|x64.ActiveCfg = Release|x64
		{FDC3073F-0654-41A9-AA3E-9423F611BE4D}.Release|x64.Build.0 = Release|x64
		{FDC3073F-0654-41A9-AA3E-9423F611BE4D}.Release|x64.Deploy.0 = Release|x64
		{FDC3073F-0654-41A9-AA3E-9423F611BE4D}.Release|x86.ActiveCfg = Release|x86
		{FDC3073F-0654-41A9-AA3E-9423F611BE4D}.Release|x86.Build.0 = Release|x86
		{FDC3073F-0654-41A9-AA3E-9423F611BE4D}.Release|x86.Deploy.0 = Release|x86
		{BE90CAB4-A569-4747-9993-910617AEDA18}.Debug|ARM.ActiveCfg = Debug|ARM
		{BE90CAB4-A569-4747-9993-910617AEDA18}.Debug|ARM.Build.0 = Debug|ARM
		{BE90CAB4-A569-4747-9993-910617AEDA18}.Debug|ARM.Deploy.0 = Debug|ARM
		{BE90CAB4-A569-4747-9993-910617AEDA18}.Debug|x64.ActiveCfg = Debug|x64
		{BE90CAB4-A569-4747-9993-910617AEDA18}.Debug|x64.Build.0 = Debug|x64
		{BE90CAB4-A569-4747-9993-910617AEDA18}.Debug|x64.Deploy.0 = Debug|x64
		{BE90CAB4-A569-4747-9993-910617AEDA18}.Debug|x86.ActiveCfg = Debug|x86
		{BE90CAB4-A569-4747-9993-910617AEDA18}.Debug|x86.Build.0 = Debug|x86
		{BE90CAB4-A569-4747-9993-910617AEDA18}.Debug|x86.Deploy.0 = Debug|x86
		{BE90CAB4-A569-4747-9993-910617AEDA18}.Release|ARM.ActiveCfg = Release|ARM
		{BE90CAB4-A569-4747-9993-910617AEDA18}.Release|ARM.Build.0 = Release|ARM
		{BE90CAB4-A569-4747-9993-910617AEDA18}.Release|ARM.Deploy.0 = Release|ARM
		{BE90CAB4-A569-4747-9993-910617AEDA18}.Release|x64.ActiveCfg = Release|x64
		{BE90CAB4-A569-4747-9993-910617AEDA18}.Release|x64.Build.0 = Release|x64
		{BE90CAB4-A569-4747-9993-910617AEDA18}.Release|x64.Deploy.0 = Release|x64
		{BE90CAB4-A569-4747-9993-910617AEDA18}.Release|x86.ActiveCfg = Release|x86
		{BE90CAB4-A569-4747-9993-910617AEDA18}.Release|x86.Build.0 = Release|x86
		{BE90CAB4-A569-4747-9993-910617AEDA18}.Release|x86.Deploy.0 = Release|x86
	EndGlobalSection
	GlobalSection(SolutionProperties) = preSolution
		HideSolutionNode = FALSE
	EndGlobalSection
EndGlobal
